
Microsoft Visual Studio Solution File, Format Version 12.00
# Visual Studio 2013
VisualStudioVersion = 12.0.21005.1
MinimumVisualStudioVersion = 10.0.40219.1
Project("{FAE04EC0-301F-11D3-BF4B-00C04F79EFBC}") = "Gallery", "Gallery\Gallery.csproj", "{135B1520-D336-44FF-AECB-3804A894A679}"
EndProject
Project("{FAE04EC0-301F-11D3-BF4B-00C04F79EFBC}") = "GalleryUnitTest", "GalleryUnitTest\GalleryUnitTest.csproj", "{3A189041-A561-488A-AFF1-E2DF66AE2CDC}"
EndProject
Global
	GlobalSection(SolutionConfigurationPlatforms) = preSolution
		Debug|Any CPU = Debug|Any CPU
		Release|Any CPU = Release|Any CPU
	EndGlobalSection
	GlobalSection(ProjectConfigurationPlatforms) = postSolution
		{135B1520-D336-44FF-AECB-3804A894A679}.Debug|Any CPU.ActiveCfg = Debug|Any CPU
		{135B1520-D336-44FF-AECB-3804A894A679}.Debug|Any CPU.Build.0 = Debug|Any CPU
		{135B1520-D336-44FF-AECB-3804A894A679}.Release|Any CPU.ActiveCfg = Release|Any CPU
		{135B1520-D336-44FF-AECB-3804A894A679}.Release|Any CPU.Build.0 = Release|Any CPU
		{3A189041-A561-488A-AFF1-E2DF66AE2CDC}.Debug|Any CPU.ActiveCfg = Debug|Any CPU
		{3A189041-A561-488A-AFF1-E2DF66AE2CDC}.Debug|Any CPU.Build.0 = Debug|Any CPU
		{3A189041-A561-488A-AFF1-E2DF66AE2CDC}.Release|Any CPU.ActiveCfg = Release|Any CPU
		{3A189041-A561-488A-AFF1-E2DF66AE2CDC}.Release|Any CPU.Build.0 = Release|Any CPU
	EndGlobalSection
	GlobalSection(SolutionProperties) = preSolution
		HideSolutionNode = FALSE
	EndGlobalSection
EndGlobal
